{
  "name": "xtal-link-preview",
  "version": "0.0.35",
  "lockfileVersion": 1,
  "requires": true,
  "dependencies": {
    "@webcomponents/webcomponentsjs": {
      "version": "2.0.3",
      "resolved": "https://registry.npmjs.org/@webcomponents/webcomponentsjs/-/webcomponentsjs-2.0.3.tgz",
      "integrity": "sha512-MAXeE34PaC2gDVNKa+YLkRvnIBezIslR8AHoS/E8nOYuFL0qUcOD4L7/BBZOrNtxMRrNTCvtkXL7TrEmYmyQiQ==",
      "dev": true
    },
    "ava-pwar": {
      "version": "0.0.17",
      "resolved": "https://registry.npmjs.org/ava-pwar/-/ava-pwar-0.0.17.tgz",
      "integrity": "sha512-+v61nVqHljEL9mP38bApQnHscW7QyASnTv6a6l6MCRQBlCELDZwdVsuFZAvOakrz5Ym/C945nVvLuxJj1Jv1Uw==",
      "requires": {
        "xtal-latx": "0.0.25"
      },
      "dependencies": {
        "xtal-latx": {
          "version": "0.0.25",
          "resolved": "https://registry.npmjs.org/xtal-latx/-/xtal-latx-0.0.25.tgz",
          "integrity": "sha512-2vErkR+tUHt3CF1tstiP9UNoVjb9YIlcgaYMMaTMgdU5iGCfU0gqYz/9pPmBPkUhluJQM9sNIYndibmEl8jX8Q=="
        }
      }
    },
    "jiife": {
      "version": "0.0.5",
      "resolved": "https://registry.npmjs.org/jiife/-/jiife-0.0.5.tgz",
      "integrity": "sha512-jB5YpCJAuxH5xRKgqZL2XzadA6w/iOHGCOQt0w9YfYHGDMilMS9DcBqyYe7Wr/0NLiIWR8RsLwIdLDu/TodKOg==",
      "dev": true
    },
    "xtal-latx": {
      "version": "0.0.47",
      "resolved": "https://registry.npmjs.org/xtal-latx/-/xtal-latx-0.0.47.tgz",
      "integrity": "sha512-tETo7r+ut3Peqmy9BHeGudBm/PHBoXf13Dl/mtYjn1F6jKNtoEA7iB43dsZ0csUEPzRnW3MiH4/5wYXF+uDj4w=="
    }
  }
}
