{
  "name": "xtal-link-preview",
  "version": "0.0.37",
  "lockfileVersion": 1,
  "requires": true,
  "dependencies": {
    "@webcomponents/webcomponentsjs": {
      "version": "2.2.1",
      "resolved": "https://registry.npmjs.org/@webcomponents/webcomponentsjs/-/webcomponentsjs-2.2.1.tgz",
      "integrity": "sha512-lZZ+Lkke6JhsJcQQqSVk1Pny6/8y4qhJ98LO7a/MwBSRO8WqHqK1X2vscfeL8vOnYGFnmBUyVG95lwYv/AXyLQ==",
      "dev": true
    },
    "ava-pwar": {
      "version": "0.0.17",
      "resolved": "https://registry.npmjs.org/ava-pwar/-/ava-pwar-0.0.17.tgz",
      "integrity": "sha512-+v61nVqHljEL9mP38bApQnHscW7QyASnTv6a6l6MCRQBlCELDZwdVsuFZAvOakrz5Ym/C945nVvLuxJj1Jv1Uw==",
      "requires": {
        "xtal-latx": "0.0.25"
      },
      "dependencies": {
        "xtal-latx": {
          "version": "0.0.25",
          "resolved": "https://registry.npmjs.org/xtal-latx/-/xtal-latx-0.0.25.tgz",
          "integrity": "sha512-2vErkR+tUHt3CF1tstiP9UNoVjb9YIlcgaYMMaTMgdU5iGCfU0gqYz/9pPmBPkUhluJQM9sNIYndibmEl8jX8Q=="
        }
      }
    },
    "buffer-from": {
      "version": "1.1.1",
      "resolved": "https://registry.npmjs.org/buffer-from/-/buffer-from-1.1.1.tgz",
      "integrity": "sha512-MQcXEUbCKtEo7bhqEs6560Hyd4XaovZlO/k9V3hjVUF/zwW7KBVdSK4gIt/bzwS9MbR5qob+F5jusZsb0YQK2A==",
      "dev": true
    },
    "commander": {
      "version": "2.17.1",
      "resolved": "https://registry.npmjs.org/commander/-/commander-2.17.1.tgz",
      "integrity": "sha512-wPMUt6FnH2yzG95SA6mzjQOEKUU3aLaDEmzs1ti+1E9h+CsrZghRlqEM/EJ4KscsQVG8uNN4uVreUeT8+drlgg==",
      "dev": true
    },
    "jiife": {
      "version": "0.0.10",
      "resolved": "https://registry.npmjs.org/jiife/-/jiife-0.0.10.tgz",
      "integrity": "sha512-feTLgdkc52p5IV79zu3VXGFn4lalKOqo6mzHhwTu/tDoVfwW+MKWGBVNJqqAc5Ec71E/sTcymzDaUqC1nTDciA==",
      "dev": true,
      "requires": {
        "terser": "3.11.0"
      }
    },
    "source-map": {
      "version": "0.6.1",
      "resolved": "https://registry.npmjs.org/source-map/-/source-map-0.6.1.tgz",
      "integrity": "sha512-UjgapumWlbMhkBgzT7Ykc5YXUT46F0iKu8SGXq0bcwP5dz/h0Plj6enJqjz1Zbq2l5WaqYnrVbwWOWMyF3F47g==",
      "dev": true
    },
    "source-map-support": {
      "version": "0.5.9",
      "resolved": "https://registry.npmjs.org/source-map-support/-/source-map-support-0.5.9.tgz",
      "integrity": "sha512-gR6Rw4MvUlYy83vP0vxoVNzM6t8MUXqNuRsuBmBHQDu1Fh6X015FrLdgoDKcNdkwGubozq0P4N0Q37UyFVr1EA==",
      "dev": true,
      "requires": {
        "buffer-from": "^1.0.0",
        "source-map": "^0.6.0"
      }
    },
    "terser": {
      "version": "3.11.0",
      "resolved": "https://registry.npmjs.org/terser/-/terser-3.11.0.tgz",
      "integrity": "sha512-5iLMdhEPIq3zFWskpmbzmKwMQixKmTYwY3Ox9pjtSklBLnHiuQ0GKJLhL1HSYtyffHM3/lDIFBnb82m9D7ewwQ==",
      "dev": true,
      "requires": {
        "commander": "~2.17.1",
        "source-map": "~0.6.1",
        "source-map-support": "~0.5.6"
      }
    },
    "xtal-latx": {
      "version": "0.0.85",
      "resolved": "https://registry.npmjs.org/xtal-latx/-/xtal-latx-0.0.85.tgz",
      "integrity": "sha512-T/dvka9N4XuGNXGXlSSWUPCfu1FtYaKIOASf4GGbPGWioM1fHfvooAiFT1DDHrzYxZpPTznwmrfsmmhbiSc9DQ=="
    }
  }
}
